<?xml version="1.0" encoding="utf-8"?>
<Project ToolsVersion="4.0" xmlns="http://schemas.microsoft.com/developer/msbuild/2003">
  <ItemGroup>
    <Filter Include="win32">
      <UniqueIdentifier>{84a8ebd7-7cf0-47f6-b75e-d441df67da40}</UniqueIdentifier>
    </Filter>
    <Filter Include="resource">
      <UniqueIdentifier>{715254bc-d70b-4ec5-bf29-467dd3ace079}</UniqueIdentifier>
    </Filter>
    <Filter Include="src">
      <UniqueIdentifier>{bb6c862e-70e9-49d9-81b7-3829a6f50471}</UniqueIdentifier>
    </Filter>
    <Filter Include="src\Models">
      <UniqueIdentifier>{2ab4c079-611b-4d5e-b5aa-903875604272}</UniqueIdentifier>
    </Filter>
    <Filter Include="src\Views">
      <UniqueIdentifier>{7a960115-8377-4ef3-8b4c-a60a17fa7b67}</UniqueIdentifier>
    </Filter>
    <Filter Include="src\Controllers">
      <UniqueIdentifier>{6ae27080-337d-4c68-ac95-deef40aa595e}</UniqueIdentifier>
    </Filter>
  </ItemGroup>
  <ItemGroup>
    <ClCompile Include="main.cpp">
      <Filter>win32</Filter>
    </ClCompile>
    <ClCompile Include="..\Classes\AppDelegate.cpp">
      <Filter>src</Filter>
    </ClCompile>
    <ClCompile Include="..\Classes\GameScene.cpp">
      <Filter>src</Filter>
    </ClCompile>
    <ClCompile Include="..\Classes\MainMenuScene.cpp">
      <Filter>src</Filter>
    </ClCompile>
    <ClCompile Include="..\Classes\Models\GameObject.cpp">
      <Filter>src\Models</Filter>
    </ClCompile>
    <ClCompile Include="GameController.cpp" />
    <ClCompile Include="..\Classes\Controllers\GameController.cpp">
      <Filter>src\Controllers</Filter>
    </ClCompile>
    <ClCompile Include="..\Classes\Views\View.cpp">
      <Filter>src\Views</Filter>
    </ClCompile>
  </ItemGroup>
  <ItemGroup>
    <ClInclude Include="main.h">
      <Filter>win32</Filter>
    </ClInclude>
    <ClInclude Include="..\Classes\AppDelegate.h">
      <Filter>src</Filter>
    </ClInclude>
    <ClInclude Include="..\Classes\GameScene.h">
      <Filter>src</Filter>
    </ClInclude>
    <ClInclude Include="..\Classes\MainMenuScene.h">
      <Filter>src</Filter>
    </ClInclude>
    <ClInclude Include="..\Classes\Models\GameObject.h">
      <Filter>src\Models</Filter>
    </ClInclude>
    <ClInclude Include="GameController.h" />
    <ClInclude Include="..\Classes\Controllers\GameController.h">
      <Filter>src\Controllers</Filter>
    </ClInclude>
    <ClInclude Include="..\Classes\Views\View.h">
      <Filter>src\Views</Filter>
    </ClInclude>
  </ItemGroup>
  <ItemGroup>
    <ResourceCompile Include="game.rc">
      <Filter>resource</Filter>
    </ResourceCompile>
  </ItemGroup>
</Project>